
Microsoft Visual Studio Solution File, Format Version 12.00
# Visual Studio Version 17
VisualStudioVersion = 17.7.34024.191
MinimumVisualStudioVersion = 10.0.40219.1
Project("{2150E333-8FDC-42A3-9474-1A3956D46DE8}") = "Task0", "Task0", "{1587E35D-55BA-4465-A99E-DC78FA80BEB7}"
EndProject
Project("{FAE04EC0-301F-11D3-BF4B-00C04F79EFBC}") = "Tyuiu.EmelianovaKP.Sprint1.Task0.V20", "Tyuiu.EmelianovaKP.Sprint1.Task0.V20\Tyuiu.EmelianovaKP.Sprint1.Task0.V20.csproj", "{FA6EFAC1-C25A-4E05-A1B4-F0DF3E7E6BBC}"
EndProject
Project("{FAE04EC0-301F-11D3-BF4B-00C04F79EFBC}") = "Tyuiu.EmelianovaKP.Sprint1.Task0.V20.Lib", "Tyuiu.EmelianovaKP.Sprint1.Task0.V20.Lib\Tyuiu.EmelianovaKP.Sprint1.Task0.V20.Lib.csproj", "{46F28169-BD00-4A77-9914-EB5A3DB5CCC0}"
EndProject
Project("{FAE04EC0-301F-11D3-BF4B-00C04F79EFBC}") = "Tyuiu.EmelianovaKP.Sprint1.Task0.V20.Test", "Tyuiu.EmelianovaKP.Sprint1.Task0.V20.Test\Tyuiu.EmelianovaKP.Sprint1.Task0.V20.Test.csproj", "{011E5A4F-97F7-48BE-861C-2F378C3606CC}"
EndProject
Project("{2150E333-8FDC-42A3-9474-1A3956D46DE8}") = "Task1", "Task1", "{2289BD08-78A3-48D7-ACC9-C660E64260B8}"
EndProject
Project("{2150E333-8FDC-42A3-9474-1A3956D46DE8}") = "Task2", "Task2", "{753C6810-4B4B-4D8C-9B91-DDD97C350FCE}"
EndProject
Project("{2150E333-8FDC-42A3-9474-1A3956D46DE8}") = "Task3", "Task3", "{ECB11F79-BFE4-44B5-BE6A-36989531CC53}"
EndProject
Project("{2150E333-8FDC-42A3-9474-1A3956D46DE8}") = "Task4", "Task4", "{FD51631C-340B-408A-BD5D-143B083010C7}"
EndProject
Project("{2150E333-8FDC-42A3-9474-1A3956D46DE8}") = "Task5", "Task5", "{20C4F76F-1781-4D2F-B8B2-C85303752493}"
EndProject
Project("{2150E333-8FDC-42A3-9474-1A3956D46DE8}") = "Task6", "Task6", "{C548B0D7-7739-4554-B1EF-6D24D87DD7E9}"
EndProject
Project("{2150E333-8FDC-42A3-9474-1A3956D46DE8}") = "Task7", "Task7", "{63016272-2484-4E24-826E-29E8036F49AB}"
EndProject
Project("{FAE04EC0-301F-11D3-BF4B-00C04F79EFBC}") = "Tyuiu.EmelianovaKP.Sprint1.Task1.V17", "Tyuiu.EmelianovaKP.Sprint1.Task1.V17\Tyuiu.EmelianovaKP.Sprint1.Task1.V17.csproj", "{7A7EC236-32D4-4B2C-8EC1-F90336A0CA46}"
EndProject
Project("{FAE04EC0-301F-11D3-BF4B-00C04F79EFBC}") = "Tyuiu.EmelianovaKP.Sprint1.Task1.V17.Test", "Tyuiu.EmelianovaKP.Sprint1.Task1.V17.Test\Tyuiu.EmelianovaKP.Sprint1.Task1.V17.Test.csproj", "{996EBF6A-473C-4655-AF2F-6212C174161B}"
EndProject
Project("{FAE04EC0-301F-11D3-BF4B-00C04F79EFBC}") = "Tyuiu.EmelianovaKP.Sprint1.Task1.V17.Lib", "Tyuiu.EmelianovaKP.Sprint1.Task1.V17.Lib\Tyuiu.EmelianovaKP.Sprint1.Task1.V17.Lib.csproj", "{5530446E-C4E8-4B38-87E3-84F7845DC998}"
EndProject
Project("{FAE04EC0-301F-11D3-BF4B-00C04F79EFBC}") = "Tyuiu.EmelianovaKP.Sprint1.Task2.V27", "Tyuiu.EmelianovaKP.Sprint1.Task2.V27\Tyuiu.EmelianovaKP.Sprint1.Task2.V27.csproj", "{8EC3D343-4599-41AF-A9C7-B1F22F5D1F0B}"
EndProject
Project("{FAE04EC0-301F-11D3-BF4B-00C04F79EFBC}") = "Tyuiu.EmelianovaKP.Sprint1.Task2.V27.Test", "Tyuiu.EmelianovaKP.Sprint1.Task2.V27.Test\Tyuiu.EmelianovaKP.Sprint1.Task2.V27.Test.csproj", "{99E86E14-9C03-47F5-BB97-D544E135235F}"
EndProject
Project("{FAE04EC0-301F-11D3-BF4B-00C04F79EFBC}") = "Tyuiu.EmelianovaKP.Sprint1.Task2.V27.Lib", "Tyuiu.EmelianovaKP.Sprint1.Task2.V27.Lib\Tyuiu.EmelianovaKP.Sprint1.Task2.V27.Lib.csproj", "{43AC534F-7D14-4392-B66A-77A43FD27E3C}"
EndProject
Project("{FAE04EC0-301F-11D3-BF4B-00C04F79EFBC}") = "Tyuiu.EmelianovaKP.Sprint1.Task3.V17", "Tyuiu.EmelianovaKP.Sprint1.Task3.V17\Tyuiu.EmelianovaKP.Sprint1.Task3.V17.csproj", "{01EE269C-36E5-4699-80F5-8404738E6406}"
EndProject
Project("{FAE04EC0-301F-11D3-BF4B-00C04F79EFBC}") = "Tyuiu.EmelianovaKP.Sprint1.Task3.V17.Lib", "Tyuiu.EmelianovaKP.Sprint1.Task3.V17.Lib\Tyuiu.EmelianovaKP.Sprint1.Task3.V17.Lib.csproj", "{29BA51E9-483F-4190-B7E4-85D375E26020}"
EndProject
Project("{FAE04EC0-301F-11D3-BF4B-00C04F79EFBC}") = "Tyuiu.EmelianovaKP.Sprint1.Task3.V17.Test", "Tyuiu.EmelianovaKP.Sprint1.Task3.V17.Test\Tyuiu.EmelianovaKP.Sprint1.Task3.V17.Test.csproj", "{B48D284F-7502-4157-BF5C-8FE21A8EE7E6}"
EndProject
Project("{FAE04EC0-301F-11D3-BF4B-00C04F79EFBC}") = "Tyuiu.EmelianovaKP.Sprint1.Task4.V1.Lib", "Tyuiu.EmelianovaKP.Sprint1.Task4.V1.Lib\Tyuiu.EmelianovaKP.Sprint1.Task4.V1.Lib.csproj", "{807287AC-DD4F-4FCD-811B-56C78B353260}"
EndProject
Project("{FAE04EC0-301F-11D3-BF4B-00C04F79EFBC}") = "Tyuiu.EmelianovaKP.Sprint1.Task4.V1.Test", "Tyuiu.EmelianovaKP.Sprint1.Task4.V1.Test\Tyuiu.EmelianovaKP.Sprint1.Task4.V1.Test.csproj", "{8D354FF0-DA03-4D0A-8430-E5D14CB37F55}"
EndProject
Project("{FAE04EC0-301F-11D3-BF4B-00C04F79EFBC}") = "Tyuiu.EmelianovaKP.Sprint1.Task4.V1", "Tyuiu.EmelianovaKP.Sprint1.Task4.V1\Tyuiu.EmelianovaKP.Sprint1.Task4.V1.csproj", "{30A9C6FA-1F65-48DA-A0F9-023FCAC1F649}"
EndProject
Project("{FAE04EC0-301F-11D3-BF4B-00C04F79EFBC}") = "Tyuiu.EmelianovaKP.Sprint1.Task5.V1.Lib", "Tyuiu.EmelianovaKP.Sprint1.Task5.V1.Lib\Tyuiu.EmelianovaKP.Sprint1.Task5.V1.Lib.csproj", "{E9D2E148-6111-4386-B9F0-A152C1A7EDD3}"
EndProject
Project("{FAE04EC0-301F-11D3-BF4B-00C04F79EFBC}") = "Tyuiu.EmelianovaKP.Sprint1.Task5.V1.Test", "Tyuiu.EmelianovaKP.Sprint1.Task5.V1.Test\Tyuiu.EmelianovaKP.Sprint1.Task5.V1.Test.csproj", "{4462E49A-29B2-4E99-BC1D-2266C9520C11}"
EndProject
Project("{FAE04EC0-301F-11D3-BF4B-00C04F79EFBC}") = "Tyuiu.EmelianovaKP.Sprint1.Task5.V1", "Tyuiu.EmelianovaKP.Sprint1.Task5.V1\Tyuiu.EmelianovaKP.Sprint1.Task5.V1.csproj", "{2101B117-D5CB-4F20-96C7-52284502474B}"
EndProject
Project("{FAE04EC0-301F-11D3-BF4B-00C04F79EFBC}") = "Tyuiu.EmelianovaKP.Sprint1.Task6.V13.Lib", "Tyuiu.EmelianovaKP.Sprint1.Task6.V13.Lib\Tyuiu.EmelianovaKP.Sprint1.Task6.V13.Lib.csproj", "{0A8CA63F-31EC-4078-A968-2654317CB6D3}"
EndProject
Project("{FAE04EC0-301F-11D3-BF4B-00C04F79EFBC}") = "Tyuiu.EmelianovaKP.Sprint1.Task6.V13.Test", "Tyuiu.EmelianovaKP.Sprint1.Task6.V13.Test\Tyuiu.EmelianovaKP.Sprint1.Task6.V13.Test.csproj", "{432E7CAF-F8F3-4E88-B3D7-0AE655F0FB66}"
EndProject
Project("{FAE04EC0-301F-11D3-BF4B-00C04F79EFBC}") = "Tyuiu.EmelianovaKP.Sprint1.Task6.V13", "Tyuiu.EmelianovaKP.Sprint1.Task6.V13\Tyuiu.EmelianovaKP.Sprint1.Task6.V13.csproj", "{C499EFCC-B322-4AFE-8C46-EDC18EF8D16B}"
EndProject
Global
	GlobalSection(SolutionConfigurationPlatforms) = preSolution
		Debug|Any CPU = Debug|Any CPU
		Release|Any CPU = Release|Any CPU
	EndGlobalSection
	GlobalSection(ProjectConfigurationPlatforms) = postSolution
		{FA6EFAC1-C25A-4E05-A1B4-F0DF3E7E6BBC}.Debug|Any CPU.ActiveCfg = Debug|Any CPU
		{FA6EFAC1-C25A-4E05-A1B4-F0DF3E7E6BBC}.Debug|Any CPU.Build.0 = Debug|Any CPU
		{FA6EFAC1-C25A-4E05-A1B4-F0DF3E7E6BBC}.Release|Any CPU.ActiveCfg = Release|Any CPU
		{FA6EFAC1-C25A-4E05-A1B4-F0DF3E7E6BBC}.Release|Any CPU.Build.0 = Release|Any CPU
		{46F28169-BD00-4A77-9914-EB5A3DB5CCC0}.Debug|Any CPU.ActiveCfg = Debug|Any CPU
		{46F28169-BD00-4A77-9914-EB5A3DB5CCC0}.Debug|Any CPU.Build.0 = Debug|Any CPU
		{46F28169-BD00-4A77-9914-EB5A3DB5CCC0}.Release|Any CPU.ActiveCfg = Release|Any CPU
		{46F28169-BD00-4A77-9914-EB5A3DB5CCC0}.Release|Any CPU.Build.0 = Release|Any CPU
		{011E5A4F-97F7-48BE-861C-2F378C3606CC}.Debug|Any CPU.ActiveCfg = Debug|Any CPU
		{011E5A4F-97F7-48BE-861C-2F378C3606CC}.Debug|Any CPU.Build.0 = Debug|Any CPU
		{011E5A4F-97F7-48BE-861C-2F378C3606CC}.Release|Any CPU.ActiveCfg = Release|Any CPU
		{011E5A4F-97F7-48BE-861C-2F378C3606CC}.Release|Any CPU.Build.0 = Release|Any CPU
		{7A7EC236-32D4-4B2C-8EC1-F90336A0CA46}.Debug|Any CPU.ActiveCfg = Debug|Any CPU
		{7A7EC236-32D4-4B2C-8EC1-F90336A0CA46}.Debug|Any CPU.Build.0 = Debug|Any CPU
		{7A7EC236-32D4-4B2C-8EC1-F90336A0CA46}.Release|Any CPU.ActiveCfg = Release|Any CPU
		{7A7EC236-32D4-4B2C-8EC1-F90336A0CA46}.Release|Any CPU.Build.0 = Release|Any CPU
		{996EBF6A-473C-4655-AF2F-6212C174161B}.Debug|Any CPU.ActiveCfg = Debug|Any CPU
		{996EBF6A-473C-4655-AF2F-6212C174161B}.Debug|Any CPU.Build.0 = Debug|Any CPU
		{996EBF6A-473C-4655-AF2F-6212C174161B}.Release|Any CPU.ActiveCfg = Release|Any CPU
		{996EBF6A-473C-4655-AF2F-6212C174161B}.Release|Any CPU.Build.0 = Release|Any CPU
		{5530446E-C4E8-4B38-87E3-84F7845DC998}.Debug|Any CPU.ActiveCfg = Debug|Any CPU
		{5530446E-C4E8-4B38-87E3-84F7845DC998}.Debug|Any CPU.Build.0 = Debug|Any CPU
		{5530446E-C4E8-4B38-87E3-84F7845DC998}.Release|Any CPU.ActiveCfg = Release|Any CPU
		{5530446E-C4E8-4B38-87E3-84F7845DC998}.Release|Any CPU.Build.0 = Release|Any CPU
		{8EC3D343-4599-41AF-A9C7-B1F22F5D1F0B}.Debug|Any CPU.ActiveCfg = Debug|Any CPU
		{8EC3D343-4599-41AF-A9C7-B1F22F5D1F0B}.Debug|Any CPU.Build.0 = Debug|Any CPU
		{8EC3D343-4599-41AF-A9C7-B1F22F5D1F0B}.Release|Any CPU.ActiveCfg = Release|Any CPU
		{8EC3D343-4599-41AF-A9C7-B1F22F5D1F0B}.Release|Any CPU.Build.0 = Release|Any CPU
		{99E86E14-9C03-47F5-BB97-D544E135235F}.Debug|Any CPU.ActiveCfg = Debug|Any CPU
		{99E86E14-9C03-47F5-BB97-D544E135235F}.Debug|Any CPU.Build.0 = Debug|Any CPU
		{99E86E14-9C03-47F5-BB97-D544E135235F}.Release|Any CPU.ActiveCfg = Release|Any CPU
		{99E86E14-9C03-47F5-BB97-D544E135235F}.Release|Any CPU.Build.0 = Release|Any CPU
		{43AC534F-7D14-4392-B66A-77A43FD27E3C}.Debug|Any CPU.ActiveCfg = Debug|Any CPU
		{43AC534F-7D14-4392-B66A-77A43FD27E3C}.Debug|Any CPU.Build.0 = Debug|Any CPU
		{43AC534F-7D14-4392-B66A-77A43FD27E3C}.Release|Any CPU.ActiveCfg = Release|Any CPU
		{43AC534F-7D14-4392-B66A-77A43FD27E3C}.Release|Any CPU.Build.0 = Release|Any CPU
		{01EE269C-36E5-4699-80F5-8404738E6406}.Debug|Any CPU.ActiveCfg = Debug|Any CPU
		{01EE269C-36E5-4699-80F5-8404738E6406}.Debug|Any CPU.Build.0 = Debug|Any CPU
		{01EE269C-36E5-4699-80F5-8404738E6406}.Release|Any CPU.ActiveCfg = Release|Any CPU
		{01EE269C-36E5-4699-80F5-8404738E6406}.Release|Any CPU.Build.0 = Release|Any CPU
		{29BA51E9-483F-4190-B7E4-85D375E26020}.Debug|Any CPU.ActiveCfg = Debug|Any CPU
		{29BA51E9-483F-4190-B7E4-85D375E26020}.Debug|Any CPU.Build.0 = Debug|Any CPU
		{29BA51E9-483F-4190-B7E4-85D375E26020}.Release|Any CPU.ActiveCfg = Release|Any CPU
		{29BA51E9-483F-4190-B7E4-85D375E26020}.Release|Any CPU.Build.0 = Release|Any CPU
		{B48D284F-7502-4157-BF5C-8FE21A8EE7E6}.Debug|Any CPU.ActiveCfg = Debug|Any CPU
		{B48D284F-7502-4157-BF5C-8FE21A8EE7E6}.Debug|Any CPU.Build.0 = Debug|Any CPU
		{B48D284F-7502-4157-BF5C-8FE21A8EE7E6}.Release|Any CPU.ActiveCfg = Release|Any CPU
		{B48D284F-7502-4157-BF5C-8FE21A8EE7E6}.Release|Any CPU.Build.0 = Release|Any CPU
		{807287AC-DD4F-4FCD-811B-56C78B353260}.Debug|Any CPU.ActiveCfg = Debug|Any CPU
		{807287AC-DD4F-4FCD-811B-56C78B353260}.Debug|Any CPU.Build.0 = Debug|Any CPU
		{807287AC-DD4F-4FCD-811B-56C78B353260}.Release|Any CPU.ActiveCfg = Release|Any CPU
		{807287AC-DD4F-4FCD-811B-56C78B353260}.Release|Any CPU.Build.0 = Release|Any CPU
		{8D354FF0-DA03-4D0A-8430-E5D14CB37F55}.Debug|Any CPU.ActiveCfg = Debug|Any CPU
		{8D354FF0-DA03-4D0A-8430-E5D14CB37F55}.Debug|Any CPU.Build.0 = Debug|Any CPU
		{8D354FF0-DA03-4D0A-8430-E5D14CB37F55}.Release|Any CPU.ActiveCfg = Release|Any CPU
		{8D354FF0-DA03-4D0A-8430-E5D14CB37F55}.Release|Any CPU.Build.0 = Release|Any CPU
		{30A9C6FA-1F65-48DA-A0F9-023FCAC1F649}.Debug|Any CPU.ActiveCfg = Debug|Any CPU
		{30A9C6FA-1F65-48DA-A0F9-023FCAC1F649}.Debug|Any CPU.Build.0 = Debug|Any CPU
		{30A9C6FA-1F65-48DA-A0F9-023FCAC1F649}.Release|Any CPU.ActiveCfg = Release|Any CPU
		{30A9C6FA-1F65-48DA-A0F9-023FCAC1F649}.Release|Any CPU.Build.0 = Release|Any CPU
		{E9D2E148-6111-4386-B9F0-A152C1A7EDD3}.Debug|Any CPU.ActiveCfg = Debug|Any CPU
		{E9D2E148-6111-4386-B9F0-A152C1A7EDD3}.Debug|Any CPU.Build.0 = Debug|Any CPU
		{E9D2E148-6111-4386-B9F0-A152C1A7EDD3}.Release|Any CPU.ActiveCfg = Release|Any CPU
		{E9D2E148-6111-4386-B9F0-A152C1A7EDD3}.Release|Any CPU.Build.0 = Release|Any CPU
		{4462E49A-29B2-4E99-BC1D-2266C9520C11}.Debug|Any CPU.ActiveCfg = Debug|Any CPU
		{4462E49A-29B2-4E99-BC1D-2266C9520C11}.Debug|Any CPU.Build.0 = Debug|Any CPU
		{4462E49A-29B2-4E99-BC1D-2266C9520C11}.Release|Any CPU.ActiveCfg = Release|Any CPU
		{4462E49A-29B2-4E99-BC1D-2266C9520C11}.Release|Any CPU.Build.0 = Release|Any CPU
		{2101B117-D5CB-4F20-96C7-52284502474B}.Debug|Any CPU.ActiveCfg = Debug|Any CPU
		{2101B117-D5CB-4F20-96C7-52284502474B}.Debug|Any CPU.Build.0 = Debug|Any CPU
		{2101B117-D5CB-4F20-96C7-52284502474B}.Release|Any CPU.ActiveCfg = Release|Any CPU
		{2101B117-D5CB-4F20-96C7-52284502474B}.Release|Any CPU.Build.0 = Release|Any CPU
		{0A8CA63F-31EC-4078-A968-2654317CB6D3}.Debug|Any CPU.ActiveCfg = Debug|Any CPU
		{0A8CA63F-31EC-4078-A968-2654317CB6D3}.Debug|Any CPU.Build.0 = Debug|Any CPU
		{0A8CA63F-31EC-4078-A968-2654317CB6D3}.Release|Any CPU.ActiveCfg = Release|Any CPU
		{0A8CA63F-31EC-4078-A968-2654317CB6D3}.Release|Any CPU.Build.0 = Release|Any CPU
		{432E7CAF-F8F3-4E88-B3D7-0AE655F0FB66}.Debug|Any CPU.ActiveCfg = Debug|Any CPU
		{432E7CAF-F8F3-4E88-B3D7-0AE655F0FB66}.Debug|Any CPU.Build.0 = Debug|Any CPU
		{432E7CAF-F8F3-4E88-B3D7-0AE655F0FB66}.Release|Any CPU.ActiveCfg = Release|Any CPU
		{432E7CAF-F8F3-4E88-B3D7-0AE655F0FB66}.Release|Any CPU.Build.0 = Release|Any CPU
		{C499EFCC-B322-4AFE-8C46-EDC18EF8D16B}.Debug|Any CPU.ActiveCfg = Debug|Any CPU
		{C499EFCC-B322-4AFE-8C46-EDC18EF8D16B}.Debug|Any CPU.Build.0 = Debug|Any CPU
		{C499EFCC-B322-4AFE-8C46-EDC18EF8D16B}.Release|Any CPU.ActiveCfg = Release|Any CPU
		{C499EFCC-B322-4AFE-8C46-EDC18EF8D16B}.Release|Any CPU.Build.0 = Release|Any CPU
	EndGlobalSection
	GlobalSection(SolutionProperties) = preSolution
		HideSolutionNode = FALSE
	EndGlobalSection
	GlobalSection(NestedProjects) = preSolution
		{FA6EFAC1-C25A-4E05-A1B4-F0DF3E7E6BBC} = {1587E35D-55BA-4465-A99E-DC78FA80BEB7}
		{46F28169-BD00-4A77-9914-EB5A3DB5CCC0} = {1587E35D-55BA-4465-A99E-DC78FA80BEB7}
		{011E5A4F-97F7-48BE-861C-2F378C3606CC} = {1587E35D-55BA-4465-A99E-DC78FA80BEB7}
		{7A7EC236-32D4-4B2C-8EC1-F90336A0CA46} = {2289BD08-78A3-48D7-ACC9-C660E64260B8}
		{996EBF6A-473C-4655-AF2F-6212C174161B} = {2289BD08-78A3-48D7-ACC9-C660E64260B8}
		{5530446E-C4E8-4B38-87E3-84F7845DC998} = {2289BD08-78A3-48D7-ACC9-C660E64260B8}
		{8EC3D343-4599-41AF-A9C7-B1F22F5D1F0B} = {753C6810-4B4B-4D8C-9B91-DDD97C350FCE}
		{99E86E14-9C03-47F5-BB97-D544E135235F} = {753C6810-4B4B-4D8C-9B91-DDD97C350FCE}
		{43AC534F-7D14-4392-B66A-77A43FD27E3C} = {753C6810-4B4B-4D8C-9B91-DDD97C350FCE}
		{01EE269C-36E5-4699-80F5-8404738E6406} = {ECB11F79-BFE4-44B5-BE6A-36989531CC53}
		{29BA51E9-483F-4190-B7E4-85D375E26020} = {ECB11F79-BFE4-44B5-BE6A-36989531CC53}
		{B48D284F-7502-4157-BF5C-8FE21A8EE7E6} = {ECB11F79-BFE4-44B5-BE6A-36989531CC53}
		{807287AC-DD4F-4FCD-811B-56C78B353260} = {FD51631C-340B-408A-BD5D-143B083010C7}
		{8D354FF0-DA03-4D0A-8430-E5D14CB37F55} = {FD51631C-340B-408A-BD5D-143B083010C7}
		{30A9C6FA-1F65-48DA-A0F9-023FCAC1F649} = {FD51631C-340B-408A-BD5D-143B083010C7}
		{E9D2E148-6111-4386-B9F0-A152C1A7EDD3} = {20C4F76F-1781-4D2F-B8B2-C85303752493}
		{4462E49A-29B2-4E99-BC1D-2266C9520C11} = {20C4F76F-1781-4D2F-B8B2-C85303752493}
		{2101B117-D5CB-4F20-96C7-52284502474B} = {20C4F76F-1781-4D2F-B8B2-C85303752493}
		{0A8CA63F-31EC-4078-A968-2654317CB6D3} = {C548B0D7-7739-4554-B1EF-6D24D87DD7E9}
		{432E7CAF-F8F3-4E88-B3D7-0AE655F0FB66} = {C548B0D7-7739-4554-B1EF-6D24D87DD7E9}
		{C499EFCC-B322-4AFE-8C46-EDC18EF8D16B} = {C548B0D7-7739-4554-B1EF-6D24D87DD7E9}
	EndGlobalSection
	GlobalSection(ExtensibilityGlobals) = postSolution
		SolutionGuid = {89A4AD9D-4772-4583-B154-F33B6D2325BF}
	EndGlobalSection
EndGlobal
