
Microsoft Visual Studio Solution File, Format Version 12.00
# Visual Studio Version 17
VisualStudioVersion = 17.7.34024.191
MinimumVisualStudioVersion = 10.0.40219.1
Project("{2150E333-8FDC-42A3-9474-1A3956D46DE8}") = "Task0", "Task0", "{1587E35D-55BA-4465-A99E-DC78FA80BEB7}"
EndProject
Project("{FAE04EC0-301F-11D3-BF4B-00C04F79EFBC}") = "Tyuiu.EmelianovaKP.Sprint1.Task0.V20", "Tyuiu.EmelianovaKP.Sprint1.Task0.V20\Tyuiu.EmelianovaKP.Sprint1.Task0.V20.csproj", "{FA6EFAC1-C25A-4E05-A1B4-F0DF3E7E6BBC}"
EndProject
Project("{FAE04EC0-301F-11D3-BF4B-00C04F79EFBC}") = "Tyuiu.EmelianovaKP.Sprint1.Task0.V20.Lib", "Tyuiu.EmelianovaKP.Sprint1.Task0.V20.Lib\Tyuiu.EmelianovaKP.Sprint1.Task0.V20.Lib.csproj", "{46F28169-BD00-4A77-9914-EB5A3DB5CCC0}"
EndProject
Project("{FAE04EC0-301F-11D3-BF4B-00C04F79EFBC}") = "Tyuiu.EmelianovaKP.Sprint1.Task0.V20.Test", "Tyuiu.EmelianovaKP.Sprint1.Task0.V20.Test\Tyuiu.EmelianovaKP.Sprint1.Task0.V20.Test.csproj", "{011E5A4F-97F7-48BE-861C-2F378C3606CC}"
EndProject
Project("{2150E333-8FDC-42A3-9474-1A3956D46DE8}") = "Task1", "Task1", "{2289BD08-78A3-48D7-ACC9-C660E64260B8}"
EndProject
Project("{2150E333-8FDC-42A3-9474-1A3956D46DE8}") = "Task2", "Task2", "{753C6810-4B4B-4D8C-9B91-DDD97C350FCE}"
EndProject
Project("{2150E333-8FDC-42A3-9474-1A3956D46DE8}") = "Task3", "Task3", "{ECB11F79-BFE4-44B5-BE6A-36989531CC53}"
EndProject
Project("{2150E333-8FDC-42A3-9474-1A3956D46DE8}") = "Task4", "Task4", "{FD51631C-340B-408A-BD5D-143B083010C7}"
EndProject
Project("{2150E333-8FDC-42A3-9474-1A3956D46DE8}") = "Task5", "Task5", "{20C4F76F-1781-4D2F-B8B2-C85303752493}"
EndProject
Project("{2150E333-8FDC-42A3-9474-1A3956D46DE8}") = "Task6", "Task6", "{C548B0D7-7739-4554-B1EF-6D24D87DD7E9}"
EndProject
Project("{2150E333-8FDC-42A3-9474-1A3956D46DE8}") = "Task7", "Task7", "{63016272-2484-4E24-826E-29E8036F49AB}"
EndProject
Project("{FAE04EC0-301F-11D3-BF4B-00C04F79EFBC}") = "Tyuiu.EmelianovaKP.Sprint1.Task1.V17", "Tyuiu.EmelianovaKP.Sprint1.Task1.V17\Tyuiu.EmelianovaKP.Sprint1.Task1.V17.csproj", "{7A7EC236-32D4-4B2C-8EC1-F90336A0CA46}"
EndProject
Project("{FAE04EC0-301F-11D3-BF4B-00C04F79EFBC}") = "Tyuiu.EmelianovaKP.Sprint1.Task1.V17.Test", "Tyuiu.EmelianovaKP.Sprint1.Task1.V17.Test\Tyuiu.EmelianovaKP.Sprint1.Task1.V17.Test.csproj", "{996EBF6A-473C-4655-AF2F-6212C174161B}"
EndProject
Project("{FAE04EC0-301F-11D3-BF4B-00C04F79EFBC}") = "Tyuiu.EmelianovaKP.Sprint1.Task1.V17.Lib", "Tyuiu.EmelianovaKP.Sprint1.Task1.V17.Lib\Tyuiu.EmelianovaKP.Sprint1.Task1.V17.Lib.csproj", "{5530446E-C4E8-4B38-87E3-84F7845DC998}"
EndProject
Global
	GlobalSection(SolutionConfigurationPlatforms) = preSolution
		Debug|Any CPU = Debug|Any CPU
		Release|Any CPU = Release|Any CPU
	EndGlobalSection
	GlobalSection(ProjectConfigurationPlatforms) = postSolution
		{FA6EFAC1-C25A-4E05-A1B4-F0DF3E7E6BBC}.Debug|Any CPU.ActiveCfg = Debug|Any CPU
		{FA6EFAC1-C25A-4E05-A1B4-F0DF3E7E6BBC}.Debug|Any CPU.Build.0 = Debug|Any CPU
		{FA6EFAC1-C25A-4E05-A1B4-F0DF3E7E6BBC}.Release|Any CPU.ActiveCfg = Release|Any CPU
		{FA6EFAC1-C25A-4E05-A1B4-F0DF3E7E6BBC}.Release|Any CPU.Build.0 = Release|Any CPU
		{46F28169-BD00-4A77-9914-EB5A3DB5CCC0}.Debug|Any CPU.ActiveCfg = Debug|Any CPU
		{46F28169-BD00-4A77-9914-EB5A3DB5CCC0}.Debug|Any CPU.Build.0 = Debug|Any CPU
		{46F28169-BD00-4A77-9914-EB5A3DB5CCC0}.Release|Any CPU.ActiveCfg = Release|Any CPU
		{46F28169-BD00-4A77-9914-EB5A3DB5CCC0}.Release|Any CPU.Build.0 = Release|Any CPU
		{011E5A4F-97F7-48BE-861C-2F378C3606CC}.Debug|Any CPU.ActiveCfg = Debug|Any CPU
		{011E5A4F-97F7-48BE-861C-2F378C3606CC}.Debug|Any CPU.Build.0 = Debug|Any CPU
		{011E5A4F-97F7-48BE-861C-2F378C3606CC}.Release|Any CPU.ActiveCfg = Release|Any CPU
		{011E5A4F-97F7-48BE-861C-2F378C3606CC}.Release|Any CPU.Build.0 = Release|Any CPU
		{7A7EC236-32D4-4B2C-8EC1-F90336A0CA46}.Debug|Any CPU.ActiveCfg = Debug|Any CPU
		{7A7EC236-32D4-4B2C-8EC1-F90336A0CA46}.Debug|Any CPU.Build.0 = Debug|Any CPU
		{7A7EC236-32D4-4B2C-8EC1-F90336A0CA46}.Release|Any CPU.ActiveCfg = Release|Any CPU
		{7A7EC236-32D4-4B2C-8EC1-F90336A0CA46}.Release|Any CPU.Build.0 = Release|Any CPU
		{996EBF6A-473C-4655-AF2F-6212C174161B}.Debug|Any CPU.ActiveCfg = Debug|Any CPU
		{996EBF6A-473C-4655-AF2F-6212C174161B}.Debug|Any CPU.Build.0 = Debug|Any CPU
		{996EBF6A-473C-4655-AF2F-6212C174161B}.Release|Any CPU.ActiveCfg = Release|Any CPU
		{996EBF6A-473C-4655-AF2F-6212C174161B}.Release|Any CPU.Build.0 = Release|Any CPU
		{5530446E-C4E8-4B38-87E3-84F7845DC998}.Debug|Any CPU.ActiveCfg = Debug|Any CPU
		{5530446E-C4E8-4B38-87E3-84F7845DC998}.Debug|Any CPU.Build.0 = Debug|Any CPU
		{5530446E-C4E8-4B38-87E3-84F7845DC998}.Release|Any CPU.ActiveCfg = Release|Any CPU
		{5530446E-C4E8-4B38-87E3-84F7845DC998}.Release|Any CPU.Build.0 = Release|Any CPU
	EndGlobalSection
	GlobalSection(SolutionProperties) = preSolution
		HideSolutionNode = FALSE
	EndGlobalSection
	GlobalSection(NestedProjects) = preSolution
		{FA6EFAC1-C25A-4E05-A1B4-F0DF3E7E6BBC} = {1587E35D-55BA-4465-A99E-DC78FA80BEB7}
		{46F28169-BD00-4A77-9914-EB5A3DB5CCC0} = {1587E35D-55BA-4465-A99E-DC78FA80BEB7}
		{011E5A4F-97F7-48BE-861C-2F378C3606CC} = {1587E35D-55BA-4465-A99E-DC78FA80BEB7}
		{7A7EC236-32D4-4B2C-8EC1-F90336A0CA46} = {2289BD08-78A3-48D7-ACC9-C660E64260B8}
		{996EBF6A-473C-4655-AF2F-6212C174161B} = {2289BD08-78A3-48D7-ACC9-C660E64260B8}
		{5530446E-C4E8-4B38-87E3-84F7845DC998} = {2289BD08-78A3-48D7-ACC9-C660E64260B8}
	EndGlobalSection
	GlobalSection(ExtensibilityGlobals) = postSolution
		SolutionGuid = {89A4AD9D-4772-4583-B154-F33B6D2325BF}
	EndGlobalSection
EndGlobal
